{
    "_meta": {
        "hash": {
            "sha256": "7ee385ee912c1498ec5ca063f6138990db469f67b100f0e24e42c7e984e13486"
        },
        "pipfile-spec": 6,
        "requires": {},
        "sources": [
            {
                "name": "pypi",
                "url": "https://pypi.org/simple",
                "verify_ssl": true
            }
        ]
    },
    "default": {
        "SomeUnreachablePkgToMimicPrivateDependency123123123123123": {
            "hashes": [
                "sha256:45a747e1c5b3d6df1b141b1481e193b033fd1fdbda3ff52677dc81afdaacbaed",
                "sha256:f7c7852a5ac5a3da5a8d5b35cc6168f31b605971441798dac845f17ca8028039"
            ],
            "index": "pypi",
            "version": "==4.2.3"
        }
    },
    "develop": {}
}
